
Microsoft Visual Studio Solution File, Format Version 12.00
# Visual Studio Version 17
VisualStudioVersion = 17.14.36109.1
MinimumVisualStudioVersion = 10.0.40219.1
Project("{FAE04EC0-301F-11D3-BF4B-00C04F79EFBC}") = "Cognex.InSight.Web", "Cognex.InSight.Web\Cognex.InSight.Web.csproj", "{1BD1BF85-1D9B-4743-AB48-28C55D30A36B}"
EndProject
Project("{FAE04EC0-301F-11D3-BF4B-00C04F79EFBC}") = "ExampleConsoleApp", "ExampleConsoleApp\ExampleConsoleApp.csproj", "{51B6752D-D4FA-436E-914D-F81C5ADD12F6}"
EndProject
Project("{FAE04EC0-301F-11D3-BF4B-00C04F79EFBC}") = "ExampleWinFormApp", "ExampleWinFormApp\ExampleWinFormApp.csproj", "{940021A3-3322-4EE3-82EF-4F2F64A22650}"
EndProject
Global
	GlobalSection(SolutionConfigurationPlatforms) = preSolution
		Debug|Any CPU = Debug|Any CPU
		Release|Any CPU = Release|Any CPU
	EndGlobalSection
	GlobalSection(ProjectConfigurationPlatforms) = postSolution
		{1BD1BF85-1D9B-4743-AB48-28C55D30A36B}.Debug|Any CPU.ActiveCfg = Debug|Any CPU
		{1BD1BF85-1D9B-4743-AB48-28C55D30A36B}.Debug|Any CPU.Build.0 = Debug|Any CPU
		{1BD1BF85-1D9B-4743-AB48-28C55D30A36B}.Release|Any CPU.ActiveCfg = Release|Any CPU
		{1BD1BF85-1D9B-4743-AB48-28C55D30A36B}.Release|Any CPU.Build.0 = Release|Any CPU
		{51B6752D-D4FA-436E-914D-F81C5ADD12F6}.Debug|Any CPU.ActiveCfg = Debug|Any CPU
		{51B6752D-D4FA-436E-914D-F81C5ADD12F6}.Debug|Any CPU.Build.0 = Debug|Any CPU
		{51B6752D-D4FA-436E-914D-F81C5ADD12F6}.Release|Any CPU.ActiveCfg = Release|Any CPU
		{51B6752D-D4FA-436E-914D-F81C5ADD12F6}.Release|Any CPU.Build.0 = Release|Any CPU
		{940021A3-3322-4EE3-82EF-4F2F64A22650}.Debug|Any CPU.ActiveCfg = Debug|Any CPU
		{940021A3-3322-4EE3-82EF-4F2F64A22650}.Debug|Any CPU.Build.0 = Debug|Any CPU
		{940021A3-3322-4EE3-82EF-4F2F64A22650}.Release|Any CPU.ActiveCfg = Release|Any CPU
		{940021A3-3322-4EE3-82EF-4F2F64A22650}.Release|Any CPU.Build.0 = Release|Any CPU
	EndGlobalSection
	GlobalSection(SolutionProperties) = preSolution
		HideSolutionNode = FALSE
	EndGlobalSection
	GlobalSection(ExtensibilityGlobals) = postSolution
		SolutionGuid = {08B0912F-B0CF-4DD0-A26D-793A9F2E0C5B}
	EndGlobalSection
EndGlobal
